
Microsoft Visual Studio Solution File, Format Version 12.00
# Visual Studio Version 17
VisualStudioVersion = 17.0.31903.59
MinimumVisualStudioVersion = 10.0.40219.1
Project("{2150E333-8FDC-42A3-9474-1A3956D46DE8}") = "src", "src", "{827E0CD3-B72D-47B6-A68D-7590B98EB39B}"
EndProject
Project("{FAE04EC0-301F-11D3-BF4B-00C04F79EFBC}") = "Liza.Api", "src\Liza.Api\Liza.Api.csproj", "{C9F03030-2781-45F5-B389-AFA57669FCE3}"
EndProject
Project("{FAE04EC0-301F-11D3-BF4B-00C04F79EFBC}") = "Liza.Core", "src\Liza.Core\Liza.Core.csproj", "{F61DC6FB-4D09-4819-951E-CD23047A4A8E}"
EndProject
Project("{FAE04EC0-301F-11D3-BF4B-00C04F79EFBC}") = "Liza.Orleans", "src\Liza.Orleans\Liza.Orleans.csproj", "{C920C895-9BA6-49EC-8142-133EE8AF7AC6}"
EndProject
Project("{FAE04EC0-301F-11D3-BF4B-00C04F79EFBC}") = "Liza.Infrastructure", "src\Liza.Infrastructure\Liza.Infrastructure.csproj", "{EE9156A5-48F3-4B4F-97C1-9A776D9FDB07}"
EndProject
Project("{FAE04EC0-301F-11D3-BF4B-00C04F79EFBC}") = "Liza.Silo", "src\Liza.Silo\Liza.Silo.csproj", "{999C22B1-DD60-44C9-AB46-D86BE86AF287}"
EndProject
Global
	GlobalSection(SolutionConfigurationPlatforms) = preSolution
		Debug|Any CPU = Debug|Any CPU
		Debug|x64 = Debug|x64
		Debug|x86 = Debug|x86
		Release|Any CPU = Release|Any CPU
		Release|x64 = Release|x64
		Release|x86 = Release|x86
	EndGlobalSection
	GlobalSection(ProjectConfigurationPlatforms) = postSolution
		{C9F03030-2781-45F5-B389-AFA57669FCE3}.Debug|Any CPU.ActiveCfg = Debug|Any CPU
		{C9F03030-2781-45F5-B389-AFA57669FCE3}.Debug|Any CPU.Build.0 = Debug|Any CPU
		{C9F03030-2781-45F5-B389-AFA57669FCE3}.Debug|x64.ActiveCfg = Debug|Any CPU
		{C9F03030-2781-45F5-B389-AFA57669FCE3}.Debug|x64.Build.0 = Debug|Any CPU
		{C9F03030-2781-45F5-B389-AFA57669FCE3}.Debug|x86.ActiveCfg = Debug|Any CPU
		{C9F03030-2781-45F5-B389-AFA57669FCE3}.Debug|x86.Build.0 = Debug|Any CPU
		{C9F03030-2781-45F5-B389-AFA57669FCE3}.Release|Any CPU.ActiveCfg = Release|Any CPU
		{C9F03030-2781-45F5-B389-AFA57669FCE3}.Release|Any CPU.Build.0 = Release|Any CPU
		{C9F03030-2781-45F5-B389-AFA57669FCE3}.Release|x64.ActiveCfg = Release|Any CPU
		{C9F03030-2781-45F5-B389-AFA57669FCE3}.Release|x64.Build.0 = Release|Any CPU
		{C9F03030-2781-45F5-B389-AFA57669FCE3}.Release|x86.ActiveCfg = Release|Any CPU
		{C9F03030-2781-45F5-B389-AFA57669FCE3}.Release|x86.Build.0 = Release|Any CPU
		{F61DC6FB-4D09-4819-951E-CD23047A4A8E}.Debug|Any CPU.ActiveCfg = Debug|Any CPU
		{F61DC6FB-4D09-4819-951E-CD23047A4A8E}.Debug|Any CPU.Build.0 = Debug|Any CPU
		{F61DC6FB-4D09-4819-951E-CD23047A4A8E}.Debug|x64.ActiveCfg = Debug|Any CPU
		{F61DC6FB-4D09-4819-951E-CD23047A4A8E}.Debug|x64.Build.0 = Debug|Any CPU
		{F61DC6FB-4D09-4819-951E-CD23047A4A8E}.Debug|x86.ActiveCfg = Debug|Any CPU
		{F61DC6FB-4D09-4819-951E-CD23047A4A8E}.Debug|x86.Build.0 = Debug|Any CPU
		{F61DC6FB-4D09-4819-951E-CD23047A4A8E}.Release|Any CPU.ActiveCfg = Release|Any CPU
		{F61DC6FB-4D09-4819-951E-CD23047A4A8E}.Release|Any CPU.Build.0 = Release|Any CPU
		{F61DC6FB-4D09-4819-951E-CD23047A4A8E}.Release|x64.ActiveCfg = Release|Any CPU
		{F61DC6FB-4D09-4819-951E-CD23047A4A8E}.Release|x64.Build.0 = Release|Any CPU
		{F61DC6FB-4D09-4819-951E-CD23047A4A8E}.Release|x86.ActiveCfg = Release|Any CPU
		{F61DC6FB-4D09-4819-951E-CD23047A4A8E}.Release|x86.Build.0 = Release|Any CPU
		{C920C895-9BA6-49EC-8142-133EE8AF7AC6}.Debug|Any CPU.ActiveCfg = Debug|Any CPU
		{C920C895-9BA6-49EC-8142-133EE8AF7AC6}.Debug|Any CPU.Build.0 = Debug|Any CPU
		{C920C895-9BA6-49EC-8142-133EE8AF7AC6}.Debug|x64.ActiveCfg = Debug|Any CPU
		{C920C895-9BA6-49EC-8142-133EE8AF7AC6}.Debug|x64.Build.0 = Debug|Any CPU
		{C920C895-9BA6-49EC-8142-133EE8AF7AC6}.Debug|x86.ActiveCfg = Debug|Any CPU
		{C920C895-9BA6-49EC-8142-133EE8AF7AC6}.Debug|x86.Build.0 = Debug|Any CPU
		{C920C895-9BA6-49EC-8142-133EE8AF7AC6}.Release|Any CPU.ActiveCfg = Release|Any CPU
		{C920C895-9BA6-49EC-8142-133EE8AF7AC6}.Release|Any CPU.Build.0 = Release|Any CPU
		{C920C895-9BA6-49EC-8142-133EE8AF7AC6}.Release|x64.ActiveCfg = Release|Any CPU
		{C920C895-9BA6-49EC-8142-133EE8AF7AC6}.Release|x64.Build.0 = Release|Any CPU
		{C920C895-9BA6-49EC-8142-133EE8AF7AC6}.Release|x86.ActiveCfg = Release|Any CPU
		{C920C895-9BA6-49EC-8142-133EE8AF7AC6}.Release|x86.Build.0 = Release|Any CPU
		{EE9156A5-48F3-4B4F-97C1-9A776D9FDB07}.Debug|Any CPU.ActiveCfg = Debug|Any CPU
		{EE9156A5-48F3-4B4F-97C1-9A776D9FDB07}.Debug|Any CPU.Build.0 = Debug|Any CPU
		{EE9156A5-48F3-4B4F-97C1-9A776D9FDB07}.Debug|x64.ActiveCfg = Debug|Any CPU
		{EE9156A5-48F3-4B4F-97C1-9A776D9FDB07}.Debug|x64.Build.0 = Debug|Any CPU
		{EE9156A5-48F3-4B4F-97C1-9A776D9FDB07}.Debug|x86.ActiveCfg = Debug|Any CPU
		{EE9156A5-48F3-4B4F-97C1-9A776D9FDB07}.Debug|x86.Build.0 = Debug|Any CPU
		{EE9156A5-48F3-4B4F-97C1-9A776D9FDB07}.Release|Any CPU.ActiveCfg = Release|Any CPU
		{EE9156A5-48F3-4B4F-97C1-9A776D9FDB07}.Release|Any CPU.Build.0 = Release|Any CPU
		{EE9156A5-48F3-4B4F-97C1-9A776D9FDB07}.Release|x64.ActiveCfg = Release|Any CPU
		{EE9156A5-48F3-4B4F-97C1-9A776D9FDB07}.Release|x64.Build.0 = Release|Any CPU
		{EE9156A5-48F3-4B4F-97C1-9A776D9FDB07}.Release|x86.ActiveCfg = Release|Any CPU
		{EE9156A5-48F3-4B4F-97C1-9A776D9FDB07}.Release|x86.Build.0 = Release|Any CPU
		{999C22B1-DD60-44C9-AB46-D86BE86AF287}.Debug|Any CPU.ActiveCfg = Debug|Any CPU
		{999C22B1-DD60-44C9-AB46-D86BE86AF287}.Debug|Any CPU.Build.0 = Debug|Any CPU
		{999C22B1-DD60-44C9-AB46-D86BE86AF287}.Debug|x64.ActiveCfg = Debug|Any CPU
		{999C22B1-DD60-44C9-AB46-D86BE86AF287}.Debug|x64.Build.0 = Debug|Any CPU
		{999C22B1-DD60-44C9-AB46-D86BE86AF287}.Debug|x86.ActiveCfg = Debug|Any CPU
		{999C22B1-DD60-44C9-AB46-D86BE86AF287}.Debug|x86.Build.0 = Debug|Any CPU
		{999C22B1-DD60-44C9-AB46-D86BE86AF287}.Release|Any CPU.ActiveCfg = Release|Any CPU
		{999C22B1-DD60-44C9-AB46-D86BE86AF287}.Release|Any CPU.Build.0 = Release|Any CPU
		{999C22B1-DD60-44C9-AB46-D86BE86AF287}.Release|x64.ActiveCfg = Release|Any CPU
		{999C22B1-DD60-44C9-AB46-D86BE86AF287}.Release|x64.Build.0 = Release|Any CPU
		{999C22B1-DD60-44C9-AB46-D86BE86AF287}.Release|x86.ActiveCfg = Release|Any CPU
		{999C22B1-DD60-44C9-AB46-D86BE86AF287}.Release|x86.Build.0 = Release|Any CPU
	EndGlobalSection
	GlobalSection(SolutionProperties) = preSolution
		HideSolutionNode = FALSE
	EndGlobalSection
	GlobalSection(NestedProjects) = preSolution
		{C9F03030-2781-45F5-B389-AFA57669FCE3} = {827E0CD3-B72D-47B6-A68D-7590B98EB39B}
		{F61DC6FB-4D09-4819-951E-CD23047A4A8E} = {827E0CD3-B72D-47B6-A68D-7590B98EB39B}
		{C920C895-9BA6-49EC-8142-133EE8AF7AC6} = {827E0CD3-B72D-47B6-A68D-7590B98EB39B}
		{EE9156A5-48F3-4B4F-97C1-9A776D9FDB07} = {827E0CD3-B72D-47B6-A68D-7590B98EB39B}
		{999C22B1-DD60-44C9-AB46-D86BE86AF287} = {827E0CD3-B72D-47B6-A68D-7590B98EB39B}
	EndGlobalSection
EndGlobal
